
Microsoft Visual Studio Solution File, Format Version 12.00
# Visual Studio Version 17
VisualStudioVersion = 17.10.35122.118
MinimumVisualStudioVersion = 10.0.40219.1
Project("{9A19103F-16F7-4668-BE54-9A1E7A4F7556}") = "Fatec.Rent.API", "Fatec.Rent.API\Fatec.Rent.API.csproj", "{B9D152D1-7876-484F-A9D4-2A910C8F1248}"
EndProject
Project("{9A19103F-16F7-4668-BE54-9A1E7A4F7556}") = "Fatec.Rent.API.Tests", "Fatec.Rent.API.Tests\Fatec.Rent.API.Tests.csproj", "{674349F1-2E6F-4C51-B523-648D63EA5FED}"
EndProject
Global
	GlobalSection(SolutionConfigurationPlatforms) = preSolution
		Debug|Any CPU = Debug|Any CPU
		Release|Any CPU = Release|Any CPU
	EndGlobalSection
	GlobalSection(ProjectConfigurationPlatforms) = postSolution
		{B9D152D1-7876-484F-A9D4-2A910C8F1248}.Debug|Any CPU.ActiveCfg = Debug|Any CPU
		{B9D152D1-7876-484F-A9D4-2A910C8F1248}.Debug|Any CPU.Build.0 = Debug|Any CPU
		{B9D152D1-7876-484F-A9D4-2A910C8F1248}.Release|Any CPU.ActiveCfg = Release|Any CPU
		{B9D152D1-7876-484F-A9D4-2A910C8F1248}.Release|Any CPU.Build.0 = Release|Any CPU
		{674349F1-2E6F-4C51-B523-648D63EA5FED}.Debug|Any CPU.ActiveCfg = Debug|Any CPU
		{674349F1-2E6F-4C51-B523-648D63EA5FED}.Debug|Any CPU.Build.0 = Debug|Any CPU
		{674349F1-2E6F-4C51-B523-648D63EA5FED}.Release|Any CPU.ActiveCfg = Release|Any CPU
		{674349F1-2E6F-4C51-B523-648D63EA5FED}.Release|Any CPU.Build.0 = Release|Any CPU
	EndGlobalSection
	GlobalSection(SolutionProperties) = preSolution
		HideSolutionNode = FALSE
	EndGlobalSection
	GlobalSection(ExtensibilityGlobals) = postSolution
		SolutionGuid = {C7AF3761-CD3C-4B5B-A019-917444AC78B9}
	EndGlobalSection
EndGlobal
