
Microsoft Visual Studio Solution File, Format Version 12.00
# Visual Studio Version 17
VisualStudioVersion = 17.0.31903.59
MinimumVisualStudioVersion = 10.0.40219.1
Project("{FAE04EC0-301F-11D3-BF4B-00C04F79EFBC}") = "Fatec.Rent.Api", "Fatec.Rent.Api\Fatec.Rent.Api.csproj", "{B2AC55DD-E759-4C5A-A212-345CDB7750E1}"
EndProject
Project("{2150E333-8FDC-42A3-9474-1A3956D46DE8}") = "Tests", "Tests", "{E51DEB9A-84D5-4893-BE8D-9D2448EF316B}"
EndProject
Project("{FAE04EC0-301F-11D3-BF4B-00C04F79EFBC}") = "Fatec.Rent.Api.Tests", "Tests\Fatec.Rent.Api.Tests\Fatec.Rent.Api.Tests.csproj", "{9F216D66-E0D1-4BC4-BABA-C2D7FC3EF813}"
EndProject
Global
	GlobalSection(SolutionConfigurationPlatforms) = preSolution
		Debug|Any CPU = Debug|Any CPU
		Release|Any CPU = Release|Any CPU
	EndGlobalSection
	GlobalSection(ProjectConfigurationPlatforms) = postSolution
		{B2AC55DD-E759-4C5A-A212-345CDB7750E1}.Debug|Any CPU.ActiveCfg = Debug|Any CPU
		{B2AC55DD-E759-4C5A-A212-345CDB7750E1}.Debug|Any CPU.Build.0 = Debug|Any CPU
		{B2AC55DD-E759-4C5A-A212-345CDB7750E1}.Release|Any CPU.ActiveCfg = Release|Any CPU
		{B2AC55DD-E759-4C5A-A212-345CDB7750E1}.Release|Any CPU.Build.0 = Release|Any CPU
		{9F216D66-E0D1-4BC4-BABA-C2D7FC3EF813}.Debug|Any CPU.ActiveCfg = Debug|Any CPU
		{9F216D66-E0D1-4BC4-BABA-C2D7FC3EF813}.Debug|Any CPU.Build.0 = Debug|Any CPU
		{9F216D66-E0D1-4BC4-BABA-C2D7FC3EF813}.Release|Any CPU.ActiveCfg = Release|Any CPU
		{9F216D66-E0D1-4BC4-BABA-C2D7FC3EF813}.Release|Any CPU.Build.0 = Release|Any CPU
	EndGlobalSection
	GlobalSection(SolutionProperties) = preSolution
		HideSolutionNode = FALSE
	EndGlobalSection
	GlobalSection(NestedProjects) = preSolution
		{9F216D66-E0D1-4BC4-BABA-C2D7FC3EF813} = {E51DEB9A-84D5-4893-BE8D-9D2448EF316B}
	EndGlobalSection
EndGlobal
